
Microsoft Visual Studio Solution File, Format Version 12.00
# Visual Studio 15
VisualStudioVersion = 15.0.28307.1000
MinimumVisualStudioVersion = 10.0.40219.1
Project("{FAE04EC0-301F-11D3-BF4B-00C04F79EFBC}") = "proxy-changer", "proxy-changer\proxy-changer.csproj", "{19CC1565-A818-40E0-AADA-69DDACAE99EC}"
EndProject
Global
	GlobalSection(SolutionConfigurationPlatforms) = preSolution
		Debug|Any CPU = Debug|Any CPU
		Debug|x86 = Debug|x86
		Release|Any CPU = Release|Any CPU
		Release|x86 = Release|x86
	EndGlobalSection
	GlobalSection(ProjectConfigurationPlatforms) = postSolution
		{19CC1565-A818-40E0-AADA-69DDACAE99EC}.Debug|Any CPU.ActiveCfg = Debug|Any CPU
		{19CC1565-A818-40E0-AADA-69DDACAE99EC}.Debug|Any CPU.Build.0 = Debug|Any CPU
		{19CC1565-A818-40E0-AADA-69DDACAE99EC}.Debug|x86.ActiveCfg = Debug|x86
		{19CC1565-A818-40E0-AADA-69DDACAE99EC}.Debug|x86.Build.0 = Debug|x86
		{19CC1565-A818-40E0-AADA-69DDACAE99EC}.Release|Any CPU.ActiveCfg = Release|Any CPU
		{19CC1565-A818-40E0-AADA-69DDACAE99EC}.Release|Any CPU.Build.0 = Release|Any CPU
		{19CC1565-A818-40E0-AADA-69DDACAE99EC}.Release|x86.ActiveCfg = Release|x86
		{19CC1565-A818-40E0-AADA-69DDACAE99EC}.Release|x86.Build.0 = Release|x86
	EndGlobalSection
	GlobalSection(SolutionProperties) = preSolution
		HideSolutionNode = FALSE
	EndGlobalSection
	GlobalSection(ExtensibilityGlobals) = postSolution
		SolutionGuid = {EDB9D9B5-1BA9-45C9-8804-ED2FA62D358D}
	EndGlobalSection
EndGlobal
